PODS:
  - Flutter (1.0.0)
  - jdsdk (0.0.1):
    - Flutter

DEPENDENCIES:
  - Flutter (from `Flutter`)
  - jdsdk (from `.symlinks/plugins/jdsdk/ios`)

EXTERNAL SOURCES:
  Flutter:
    :path: Flutter
  jdsdk:
    :path: ".symlinks/plugins/jdsdk/ios"

SPEC CHECKSUMS:
  Flutter: 0e3d915762c693b495b44d77113d4970485de6ec
  jdsdk: 0f31e0c675d73e2a634083c27ac835a2636c1d0e

PODFILE CHECKSUM: 5f3453128823cf0ac1f2bf98c4325c586526ba0b

COCOAPODS: 1.9.0.beta.2
